// !$*UTF8*$!
{
	archiveVersion = 1;
	classes = {
	};
	objectVersion = 56;
	objects = {

/* Begin PBXBuildFile section */
		136D1BA12FC73D2D00136BA7 /* GoogleService-Info.plist in Resources */ = {isa = PBXBuildFile; fileRef = 136D1BA02FC73D2D00136BA7 /* GoogleService-Info.plist */; };
		136D1BA42FC754C000136BA7 /* User.swift in Sources */ = {isa = PBXBuildFile; fileRef = 136D1BA32FC754C000136BA7 /* User.swift */; };
		136D1BA72FC75ED800136BA7 /* Toast in Frameworks */ = {isa = PBXBuildFile; productRef = 136D1BA62FC75ED800136BA7 /* Toast */; };
		136D1BAF2FC774A900136BA7 /* FirebaseAnalytics in Frameworks */ = {isa = PBXBuildFile; productRef = 136D1BAE2FC774A900136BA7 /* FirebaseAnalytics */; };
		136D1BB12FC774A900136BA7 /* FirebaseAnalyticsWithoutAdIdSupport in Frameworks */ = {isa = PBXBuildFile; productRef = 136D1BB02FC774A900136BA7 /* FirebaseAnalyticsWithoutAdIdSupport */; };
		136D1BB32FC774A900136BA7 /* FirebaseAuth in Frameworks */ = {isa = PBXBuildFile; productRef = 136D1BB22FC774A900136BA7 /* FirebaseAuth */; };
		136D1BB52FC774A900136BA7 /* FirebaseDatabase in Frameworks */ = {isa = PBXBuildFile; productRef = 136D1BB42FC774A900136BA7 /* FirebaseDatabase */; };
		136D1BB72FC774A900136BA7 /* FirebaseFirestore in Frameworks */ = {isa = PBXBuildFile; productRef = 136D1BB62FC774A900136BA7 /* FirebaseFirestore */; };
		136D1BBA2FC8601100136BA7 /* AuthService.swift in Sources */ = {isa = PBXBuildFile; fileRef = 136D1BB92FC8601100136BA7 /* AuthService.swift */; };
		136D1BBC2FCA44D600136BA7 /* OTPCode.swift in Sources */ = {isa = PBXBuildFile; fileRef = 136D1BBB2FCA44D600136BA7 /* OTPCode.swift */; };
		13BA08542FBAD5BC00396534 /* AppDelegate.swift in Sources */ = {isa = PBXBuildFile; fileRef = 13BA08532FBAD5BC00396534 /* AppDelegate.swift */; };
		13BA08562FBAD5BC00396534 /* SceneDelegate.swift in Sources */ = {isa = PBXBuildFile; fileRef = 13BA08552FBAD5BC00396534 /* SceneDelegate.swift */; };
		13BA08582FBAD5BC00396534 /* MainViewController.swift in Sources */ = {isa = PBXBuildFile; fileRef = 13BA08572FBAD5BC00396534 /* MainViewController.swift */; };
		13BA085B2FBAD5BC00396534 /* Main.storyboard in Resources */ = {isa = PBXBuildFile; fileRef = 13BA08592FBAD5BC00396534 /* Main.storyboard */; };
		13BA085D2FBAD5BF00396534 /* Assets.xcassets in Resources */ = {isa = PBXBuildFile; fileRef = 13BA085C2FBAD5BF00396534 /* Assets.xcassets */; };
		13BA08602FBAD5BF00396534 /* LaunchScreen.storyboard in Resources */ = {isa = PBXBuildFile; fileRef = 13BA085E2FBAD5BF00396534 /* LaunchScreen.storyboard */; };
		13BA086B2FBAFA9C00396534 /* LoginViewController.swift in Sources */ = {isa = PBXBuildFile; fileRef = 13BA086A2FBAFA9C00396534 /* LoginViewController.swift */; };
		13BA086D2FBAFB9C00396534 /* RegisterViewController.swift in Sources */ = {isa = PBXBuildFile; fileRef = 13BA086C2FBAFB9C00396534 /* RegisterViewController.swift */; };
		13BA086F2FBAFC7D00396534 /* ProblemAccountViewController.swift in Sources */ = {isa = PBXBuildFile; fileRef = 13BA086E2FBAFC7D00396534 /* ProblemAccountViewController.swift */; };
		13BA08712FBAFD8D00396534 /* ForgetPasswordViewController.swift in Sources */ = {isa = PBXBuildFile; fileRef = 13BA08702FBAFD8D00396534 /* ForgetPasswordViewController.swift */; };
		13BA08732FBAFFBD00396534 /* ForgetUsernameViewController.swift in Sources */ = {isa = PBXBuildFile; fileRef = 13BA08722FBAFFBD00396534 /* ForgetUsernameViewController.swift */; };
/* End PBXBuildFile section */

/* Begin PBXFileReference section */
		136D1BA02FC73D2D00136BA7 /* GoogleService-Info.plist */ = {isa = PBXFileReference; fileEncoding = 4; lastKnownFileType = text.plist.xml; path = "GoogleService-Info.plist"; sourceTree = "<group>"; };
		136D1BA32FC754C000136BA7 /* User.swift */ = {isa = PBXFileReference; lastKnownFileType = sourcecode.swift; path = User.swift; sourceTree = "<group>"; };
		136D1BB92FC8601100136BA7 /* AuthService.swift */ = {isa = PBXFileReference; lastKnownFileType = sourcecode.swift; path = AuthService.swift; sourceTree = "<group>"; };
		136D1BBB2FCA44D600136BA7 /* OTPCode.swift */ = {isa = PBXFileReference; lastKnownFileType = sourcecode.swift; path = OTPCode.swift; sourceTree = "<group>"; };
		13BA08502FBAD5BC00396534 /* Quan-Ly-Kho-Hang.app */ = {isa = PBXFileReference; explicitFileType = wrapper.application; includeInIndex = 0; path = "Quan-Ly-Kho-Hang.app"; sourceTree = BUILT_PRODUCTS_DIR; };
		13BA08532FBAD5BC00396534 /* AppDelegate.swift */ = {isa = PBXFileReference; lastKnownFileType = sourcecode.swift; path = AppDelegate.swift; sourceTree = "<group>"; };
		13BA08552FBAD5BC00396534 /* SceneDelegate.swift */ = {isa = PBXFileReference; lastKnownFileType = sourcecode.swift; path = SceneDelegate.swift; sourceTree = "<group>"; };
		13BA08572FBAD5BC00396534 /* MainViewController.swift */ = {isa = PBXFileReference; lastKnownFileType = sourcecode.swift; path = MainViewController.swift; sourceTree = "<group>"; };
		13BA085A2FBAD5BC00396534 /* Base */ = {isa = PBXFileReference; lastKnownFileType = file.storyboard; name = Base; path = Base.lproj/Main.storyboard; sourceTree = "<group>"; };
		13BA085C2FBAD5BF00396534 /* Assets.xcassets */ = {isa = PBXFileReference; lastKnownFileType = folder.assetcatalog; path = Assets.xcassets; sourceTree = "<group>"; };
		13BA085F2FBAD5BF00396534 /* Base */ = {isa = PBXFileReference; lastKnownFileType = file.storyboard; name = Base; path = Base.lproj/LaunchScreen.storyboard; sourceTree = "<group>"; };
		13BA08612FBAD5BF00396534 /* Info.plist */ = {isa = PBXFileReference; lastKnownFileType = text.plist.xml; path = Info.plist; sourceTree = "<group>"; };
		13BA086A2FBAFA9C00396534 /* LoginViewController.swift */ = {isa = PBXFileReference; lastKnownFileType = sourcecode.swift; path = LoginViewController.swift; sourceTree = "<group>"; };
		13BA086C2FBAFB9C00396534 /* RegisterViewController.swift */ = {isa = PBXFileReference; lastKnownFileType = sourcecode.swift; path = RegisterViewController.swift; sourceTree = "<group>"; };
		13BA086E2FBAFC7D00396534 /* ProblemAccountViewController.swift */ = {isa = PBXFileReference; lastKnownFileType = sourcecode.swift; path = ProblemAccountViewController.swift; sourceTree = "<group>"; };
		13BA08702FBAFD8D00396534 /* ForgetPasswordViewController.swift */ = {isa = PBXFileReference; lastKnownFileType = sourcecode.swift; path = ForgetPasswordViewController.swift; sourceTree = "<group>"; };
		13BA08722FBAFFBD00396534 /* ForgetUsernameViewController.swift */ = {isa = PBXFileReference; lastKnownFileType = sourcecode.swift; path = ForgetUsernameViewController.swift; sourceTree = "<group>"; };
/* End PBXFileReference section */

/* Begin PBXFrameworksBuildPhase section */
		13BA084D2FBAD5BC00396534 /* Frameworks */ = {
			isa = PBXFrameworksBuildPhase;
			buildActionMask = 2147483647;
			files = (
				136D1BB52FC774A900136BA7 /* FirebaseDatabase in Frameworks */,
				136D1BAF2FC774A900136BA7 /* FirebaseAnalytics in Frameworks */,
				136D1BB12FC774A900136BA7 /* FirebaseAnalyticsWithoutAdIdSupport in Frameworks */,
				136D1BA72FC75ED800136BA7 /* Toast in Frameworks */,
				136D1BB32FC774A900136BA7 /* FirebaseAuth in Frameworks */,
				136D1BB72FC774A900136BA7 /* FirebaseFirestore in Frameworks */,
			);
			runOnlyForDeploymentPostprocessing = 0;
		};
/* End PBXFrameworksBuildPhase section */

/* Begin PBXGroup section */
		136D1BA22FC754A300136BA7 /* Models */ = {
			isa = PBXGroup;
			children = (
				136D1BA32FC754C000136BA7 /* User.swift */,
				136D1BBB2FCA44D600136BA7 /* OTPCode.swift */,
			);
			path = Models;
			sourceTree = "<group>";
		};
		136D1BB82FC85FF300136BA7 /* Services */ = {
			isa = PBXGroup;
			children = (
				136D1BB92FC8601100136BA7 /* AuthService.swift */,
			);
			name = Services;
			sourceTree = "<group>";
		};
		13BA08472FBAD5BC00396534 = {
			isa = PBXGroup;
			children = (
				13BA08522FBAD5BC00396534 /* Quan-Ly-Kho-Hang */,
				13BA08512FBAD5BC00396534 /* Products */,
			);
			sourceTree = "<group>";
		};
		13BA08512FBAD5BC00396534 /* Products */ = {
			isa = PBXGroup;
			children = (
				13BA08502FBAD5BC00396534 /* Quan-Ly-Kho-Hang.app */,
			);
			name = Products;
			sourceTree = "<group>";
		};
		13BA08522FBAD5BC00396534 /* Quan-Ly-Kho-Hang */ = {
			isa = PBXGroup;
			children = (
				136D1BA02FC73D2D00136BA7 /* GoogleService-Info.plist */,
				136D1BA22FC754A300136BA7 /* Models */,
				13BA08692FBAD62100396534 /* Views */,
				136D1BB82FC85FF300136BA7 /* Services */,
				13BA08682FBAD61300396534 /* Controllers */,
				13BA08672FBAD5E800396534 /* System Files */,
			);
			path = "Quan-Ly-Kho-Hang";
			sourceTree = "<group>";
		};
		13BA08672FBAD5E800396534 /* System Files */ = {
			isa = PBXGroup;
			children = (
				13BA085C2FBAD5BF00396534 /* Assets.xcassets */,
				13BA08532FBAD5BC00396534 /* AppDelegate.swift */,
				13BA08552FBAD5BC00396534 /* SceneDelegate.swift */,
				13BA085E2FBAD5BF00396534 /* LaunchScreen.storyboard */,
				13BA08612FBAD5BF00396534 /* Info.plist */,
			);
			name = "System Files";
			sourceTree = "<group>";
		};
		13BA08682FBAD61300396534 /* Controllers */ = {
			isa = PBXGroup;
			children = (
				13CD57662FBE774E00F33285 /* Auth */,
			);
			path = Controllers;
			sourceTree = "<group>";
		};
		13BA08692FBAD62100396534 /* Views */ = {
			isa = PBXGroup;
			children = (
				13BA08592FBAD5BC00396534 /* Main.storyboard */,
			);
			name = Views;
			sourceTree = "<group>";
		};
		13CD57662FBE774E00F33285 /* Auth */ = {
			isa = PBXGroup;
			children = (
				13BA08572FBAD5BC00396534 /* MainViewController.swift */,
				13BA086A2FBAFA9C00396534 /* LoginViewController.swift */,
				13BA086C2FBAFB9C00396534 /* RegisterViewController.swift */,
				13BA086E2FBAFC7D00396534 /* ProblemAccountViewController.swift */,
				13BA08722FBAFFBD00396534 /* ForgetUsernameViewController.swift */,
				13BA08702FBAFD8D00396534 /* ForgetPasswordViewController.swift */,
			);
			name = Auth;
			sourceTree = "<group>";
		};
/* End PBXGroup section */

/* Begin PBXNativeTarget section */
		13BA084F2FBAD5BC00396534 /* Quan-Ly-Kho-Hang */ = {
			isa = PBXNativeTarget;
			buildConfigurationList = 13BA08642FBAD5BF00396534 /* Build configuration list for PBXNativeTarget "Quan-Ly-Kho-Hang" */;
			buildPhases = (
				13BA084C2FBAD5BC00396534 /* Sources */,
				13BA084D2FBAD5BC00396534 /* Frameworks */,
				13BA084E2FBAD5BC00396534 /* Resources */,
			);
			buildRules = (
			);
			dependencies = (
			);
			name = "Quan-Ly-Kho-Hang";
			packageProductDependencies = (
				136D1BA62FC75ED800136BA7 /* Toast */,
				136D1BAE2FC774A900136BA7 /* FirebaseAnalytics */,
				136D1BB02FC774A900136BA7 /* FirebaseAnalyticsWithoutAdIdSupport */,
				136D1BB22FC774A900136BA7 /* FirebaseAuth */,
				136D1BB42FC774A900136BA7 /* FirebaseDatabase */,
				136D1BB62FC774A900136BA7 /* FirebaseFirestore */,
			);
			productName = "Quan-Ly-Kho-Hang";
			productReference = 13BA08502FBAD5BC00396534 /* Quan-Ly-Kho-Hang.app */;
			productType = "com.apple.product-type.application";
		};
/* End PBXNativeTarget section */

/* Begin PBXProject section */
		13BA08482FBAD5BC00396534 /* Project object */ = {
			isa = PBXProject;
			attributes = {
				BuildIndependentTargetsInParallel = 1;
				LastSwiftUpdateCheck = 1420;
				LastUpgradeCheck = 1420;
				TargetAttributes = {
					13BA084F2FBAD5BC00396534 = {
						CreatedOnToolsVersion = 14.2;
					};
				};
			};
			buildConfigurationList = 13BA084B2FBAD5BC00396534 /* Build configuration list for PBXProject "Quan-Ly-Kho-Hang" */;
			compatibilityVersion = "Xcode 14.0";
			developmentRegion = en;
			hasScannedForEncodings = 0;
			knownRegions = (
				en,
				Base,
			);
			mainGroup = 13BA08472FBAD5BC00396534;
			packageReferences = (
				136D1BA52FC75ED700136BA7 /* XCRemoteSwiftPackageReference "Toast-Swift" */,
				136D1BAD2FC774A900136BA7 /* XCRemoteSwiftPackageReference "firebase-ios-sdk" */,
			);
			productRefGroup = 13BA08512FBAD5BC00396534 /* Products */;
			projectDirPath = "";
			projectRoot = "";
			targets = (
				13BA084F2FBAD5BC00396534 /* Quan-Ly-Kho-Hang */,
			);
		};
/* End PBXProject section */

/* Begin PBXResourcesBuildPhase section */
		13BA084E2FBAD5BC00396534 /* Resources */ = {
			isa = PBXResourcesBuildPhase;
			buildActionMask = 2147483647;
			files = (
				13BA08602FBAD5BF00396534 /* LaunchScreen.storyboard in Resources */,
				136D1BA12FC73D2D00136BA7 /* GoogleService-Info.plist in Resources */,
				13BA085D2FBAD5BF00396534 /* Assets.xcassets in Resources */,
				13BA085B2FBAD5BC00396534 /* Main.storyboard in Resources */,
			);
			runOnlyForDeploymentPostprocessing = 0;
		};
/* End PBXResourcesBuildPhase section */

/* Begin PBXSourcesBuildPhase section */
		13BA084C2FBAD5BC00396534 /* Sources */ = {
			isa = PBXSourcesBuildPhase;
			buildActionMask = 2147483647;
			files = (
				13BA086F2FBAFC7D00396534 /* ProblemAccountViewController.swift in Sources */,
				13BA086B2FBAFA9C00396534 /* LoginViewController.swift in Sources */,
				13BA086D2FBAFB9C00396534 /* RegisterViewController.swift in Sources */,
				13BA08582FBAD5BC00396534 /* MainViewController.swift in Sources */,
				13BA08712FBAFD8D00396534 /* ForgetPasswordViewController.swift in Sources */,
				136D1BA42FC754C000136BA7 /* User.swift in Sources */,
				136D1BBC2FCA44D600136BA7 /* OTPCode.swift in Sources */,
				13BA08542FBAD5BC00396534 /* AppDelegate.swift in Sources */,
				136D1BBA2FC8601100136BA7 /* AuthService.swift in Sources */,
				13BA08562FBAD5BC00396534 /* SceneDelegate.swift in Sources */,
				13BA08732FBAFFBD00396534 /* ForgetUsernameViewController.swift in Sources */,
			);
			runOnlyForDeploymentPostprocessing = 0;
		};
/* End PBXSourcesBuildPhase section */

/* Begin PBXVariantGroup section */
		13BA08592FBAD5BC00396534 /* Main.storyboard */ = {
			isa = PBXVariantGroup;
			children = (
				13BA085A2FBAD5BC00396534 /* Base */,
			);
			name = Main.storyboard;
			sourceTree = "<group>";
		};
		13BA085E2FBAD5BF00396534 /* LaunchScreen.storyboard */ = {
			isa = PBXVariantGroup;
			children = (
				13BA085F2FBAD5BF00396534 /* Base */,
			);
			name = LaunchScreen.storyboard;
			sourceTree = "<group>";
		};
/* End PBXVariantGroup section */

/* Begin XCBuildConfiguration section */
		13BA08622FBAD5BF00396534 /* Debug */ = {
			isa = XCBuildConfiguration;
			buildSettings = {
				ALWAYS_SEARCH_USER_PATHS = NO;
				CLANG_ANALYZER_NONNULL = YES;
				CLANG_ANALYZER_NUMBER_OBJECT_CONVERSION = YES_AGGRESSIVE;
				CLANG_CXX_LANGUAGE_STANDARD = "gnu++20";
				CLANG_ENABLE_MODULES = YES;
				CLANG_ENABLE_OBJC_ARC = YES;
				CLANG_ENABLE_OBJC_WEAK = YES;
				CLANG_WARN_BLOCK_CAPTURE_AUTORELEASING = YES;
				CLANG_WARN_BOOL_CONVERSION = YES;
				CLANG_WARN_COMMA = YES;
				CLANG_WARN_CONSTANT_CONVERSION = YES;
				CLANG_WARN_DEPRECATED_OBJC_IMPLEMENTATIONS = YES;
				CLANG_WARN_DIRECT_OBJC_ISA_USAGE = YES_ERROR;
				CLANG_WARN_DOCUMENTATION_COMMENTS = YES;
				CLANG_WARN_EMPTY_BODY = YES;
				CLANG_WARN_ENUM_CONVERSION = YES;
				CLANG_WARN_INFINITE_RECURSION = YES;
				CLANG_WARN_INT_CONVERSION = YES;
				CLANG_WARN_NON_LITERAL_NULL_CONVERSION = YES;
				CLANG_WARN_OBJC_IMPLICIT_RETAIN_SELF = YES;
				CLANG_WARN_OBJC_LITERAL_CONVERSION = YES;
				CLANG_WARN_OBJC_ROOT_CLASS = YES_ERROR;
				CLANG_WARN_QUOTED_INCLUDE_IN_FRAMEWORK_HEADER = YES;
				CLANG_WARN_RANGE_LOOP_ANALYSIS = YES;
				CLANG_WARN_STRICT_PROTOTYPES = YES;
				CLANG_WARN_SUSPICIOUS_MOVE = YES;
				CLANG_WARN_UNGUARDED_AVAILABILITY = YES_AGGRESSIVE;
				CLANG_WARN_UNREACHABLE_CODE = YES;
				CLANG_WARN__DUPLICATE_METHOD_MATCH = YES;
				COPY_PHASE_STRIP = NO;
				DEBUG_INFORMATION_FORMAT = dwarf;
				ENABLE_STRICT_OBJC_MSGSEND = YES;
				ENABLE_TESTABILITY = YES;
				GCC_C_LANGUAGE_STANDARD = gnu11;
				GCC_DYNAMIC_NO_PIC = NO;
				GCC_NO_COMMON_BLOCKS = YES;
				GCC_OPTIMIZATION_LEVEL = 0;
				GCC_PREPROCESSOR_DEFINITIONS = (
					"DEBUG=1",
					"$(inherited)",
				);
				GCC_WARN_64_TO_32_BIT_CONVERSION = YES;
				GCC_WARN_ABOUT_RETURN_TYPE = YES_ERROR;
				GCC_WARN_UNDECLARED_SELECTOR = YES;
				GCC_WARN_UNINITIALIZED_AUTOS = YES_AGGRESSIVE;
				GCC_WARN_UNUSED_FUNCTION = YES;
				GCC_WARN_UNUSED_VARIABLE = YES;
				IPHONEOS_DEPLOYMENT_TARGET = 16.2;
				MTL_ENABLE_DEBUG_INFO = INCLUDE_SOURCE;
				MTL_FAST_MATH = YES;
				ONLY_ACTIVE_ARCH = YES;
				SDKROOT = iphoneos;
				SWIFT_ACTIVE_COMPILATION_CONDITIONS = DEBUG;
				SWIFT_OPTIMIZATION_LEVEL = "-Onone";
			};
			name = Debug;
		};
		13BA08632FBAD5BF00396534 /* Release */ = {
			isa = XCBuildConfiguration;
			buildSettings = {
				ALWAYS_SEARCH_USER_PATHS = NO;
				CLANG_ANALYZER_NONNULL = YES;
				CLANG_ANALYZER_NUMBER_OBJECT_CONVERSION = YES_AGGRESSIVE;
				CLANG_CXX_LANGUAGE_STANDARD = "gnu++20";
				CLANG_ENABLE_MODULES = YES;
				CLANG_ENABLE_OBJC_ARC = YES;
				CLANG_ENABLE_OBJC_WEAK = YES;
				CLANG_WARN_BLOCK_CAPTURE_AUTORELEASING = YES;
				CLANG_WARN_BOOL_CONVERSION = YES;
				CLANG_WARN_COMMA = YES;
				CLANG_WARN_CONSTANT_CONVERSION = YES;
				CLANG_WARN_DEPRECATED_OBJC_IMPLEMENTATIONS = YES;
				CLANG_WARN_DIRECT_OBJC_ISA_USAGE = YES_ERROR;
				CLANG_WARN_DOCUMENTATION_COMMENTS = YES;
				CLANG_WARN_EMPTY_BODY = YES;
				CLANG_WARN_ENUM_CONVERSION = YES;
				CLANG_WARN_INFINITE_RECURSION = YES;
				CLANG_WARN_INT_CONVERSION = YES;
				CLANG_WARN_NON_LITERAL_NULL_CONVERSION = YES;
				CLANG_WARN_OBJC_IMPLICIT_RETAIN_SELF = YES;
				CLANG_WARN_OBJC_LITERAL_CONVERSION = YES;
				CLANG_WARN_OBJC_ROOT_CLASS = YES_ERROR;
				CLANG_WARN_QUOTED_INCLUDE_IN_FRAMEWORK_HEADER = YES;
				CLANG_WARN_RANGE_LOOP_ANALYSIS = YES;
				CLANG_WARN_STRICT_PROTOTYPES = YES;
				CLANG_WARN_SUSPICIOUS_MOVE = YES;
				CLANG_WARN_UNGUARDED_AVAILABILITY = YES_AGGRESSIVE;
				CLANG_WARN_UNREACHABLE_CODE = YES;
				CLANG_WARN__DUPLICATE_METHOD_MATCH = YES;
				COPY_PHASE_STRIP = NO;
				DEBUG_INFORMATION_FORMAT = "dwarf-with-dsym";
				ENABLE_NS_ASSERTIONS = NO;
				ENABLE_STRICT_OBJC_MSGSEND = YES;
				GCC_C_LANGUAGE_STANDARD = gnu11;
				GCC_NO_COMMON_BLOCKS = YES;
				GCC_WARN_64_TO_32_BIT_CONVERSION = YES;
				GCC_WARN_ABOUT_RETURN_TYPE = YES_ERROR;
				GCC_WARN_UNDECLARED_SELECTOR = YES;
				GCC_WARN_UNINITIALIZED_AUTOS = YES_AGGRESSIVE;
				GCC_WARN_UNUSED_FUNCTION = YES;
				GCC_WARN_UNUSED_VARIABLE = YES;
				IPHONEOS_DEPLOYMENT_TARGET = 16.2;
				MTL_ENABLE_DEBUG_INFO = NO;
				MTL_FAST_MATH = YES;
				SDKROOT = iphoneos;
				SWIFT_COMPILATION_MODE = wholemodule;
				SWIFT_OPTIMIZATION_LEVEL = "-O";
				VALIDATE_PRODUCT = YES;
			};
			name = Release;
		};
		13BA08652FBAD5BF00396534 /* Debug */ = {
			isa = XCBuildConfiguration;
			buildSettings = {
				ASSETCATALOG_COMPILER_APPICON_NAME = AppIcon;
				ASSETCATALOG_COMPILER_GLOBAL_ACCENT_COLOR_NAME = AccentColor;
				CODE_SIGN_STYLE = Automatic;
				CURRENT_PROJECT_VERSION = 1;
				GENERATE_INFOPLIST_FILE = YES;
				INFOPLIST_FILE = "Quan-Ly-Kho-Hang/Info.plist";
				INFOPLIST_KEY_UIApplicationSupportsIndirectInputEvents = YES;
				INFOPLIST_KEY_UILaunchStoryboardName = LaunchScreen;
				INFOPLIST_KEY_UIMainStoryboardFile = Main;
				INFOPLIST_KEY_UIRequiresFullScreen = YES;
				INFOPLIST_KEY_UIStatusBarStyle = UIStatusBarStyleLightContent;
				INFOPLIST_KEY_UISupportedInterfaceOrientations = "UIInterfaceOrientationLandscapeLeft UIInterfaceOrientationLandscapeRight UIInterfaceOrientationPortrait UIInterfaceOrientationPortraitUpsideDown";
				LD_RUNPATH_SEARCH_PATHS = (
					"$(inherited)",
					"@executable_path/Frameworks",
				);
				MARKETING_VERSION = 1.0;
				PRODUCT_BUNDLE_IDENTIFIER = "mail.tdc.edu.vn.Quan-Ly-Kho-Hang";
				PRODUCT_NAME = "$(TARGET_NAME)";
				SWIFT_EMIT_LOC_STRINGS = YES;
				SWIFT_VERSION = 5.0;
				TARGETED_DEVICE_FAMILY = "1,2";
			};
			name = Debug;
		};
		13BA08662FBAD5BF00396534 /* Release */ = {
			isa = XCBuildConfiguration;
			buildSettings = {
				ASSETCATALOG_COMPILER_APPICON_NAME = AppIcon;
				ASSETCATALOG_COMPILER_GLOBAL_ACCENT_COLOR_NAME = AccentColor;
				CODE_SIGN_STYLE = Automatic;
				CURRENT_PROJECT_VERSION = 1;
				GENERATE_INFOPLIST_FILE = YES;
				INFOPLIST_FILE = "Quan-Ly-Kho-Hang/Info.plist";
				INFOPLIST_KEY_UIApplicationSupportsIndirectInputEvents = YES;
				INFOPLIST_KEY_UILaunchStoryboardName = LaunchScreen;
				INFOPLIST_KEY_UIMainStoryboardFile = Main;
				INFOPLIST_KEY_UIRequiresFullScreen = YES;
				INFOPLIST_KEY_UIStatusBarStyle = UIStatusBarStyleLightContent;
				INFOPLIST_KEY_UISupportedInterfaceOrientations = "UIInterfaceOrientationLandscapeLeft UIInterfaceOrientationLandscapeRight UIInterfaceOrientationPortrait UIInterfaceOrientationPortraitUpsideDown";
				LD_RUNPATH_SEARCH_PATHS = (
					"$(inherited)",
					"@executable_path/Frameworks",
				);
				MARKETING_VERSION = 1.0;
				PRODUCT_BUNDLE_IDENTIFIER = "mail.tdc.edu.vn.Quan-Ly-Kho-Hang";
				PRODUCT_NAME = "$(TARGET_NAME)";
				SWIFT_EMIT_LOC_STRINGS = YES;
				SWIFT_VERSION = 5.0;
				TARGETED_DEVICE_FAMILY = "1,2";
			};
			name = Release;
		};
/* End XCBuildConfiguration section */

/* Begin XCConfigurationList section */
		13BA084B2FBAD5BC00396534 /* Build configuration list for PBXProject "Quan-Ly-Kho-Hang" */ = {
			isa = XCConfigurationList;
			buildConfigurations = (
				13BA08622FBAD5BF00396534 /* Debug */,
				13BA08632FBAD5BF00396534 /* Release */,
			);
			defaultConfigurationIsVisible = 0;
			defaultConfigurationName = Release;
		};
		13BA08642FBAD5BF00396534 /* Build configuration list for PBXNativeTarget "Quan-Ly-Kho-Hang" */ = {
			isa = XCConfigurationList;
			buildConfigurations = (
				13BA08652FBAD5BF00396534 /* Debug */,
				13BA08662FBAD5BF00396534 /* Release */,
			);
			defaultConfigurationIsVisible = 0;
			defaultConfigurationName = Release;
		};
/* End XCConfigurationList section */

/* Begin XCRemoteSwiftPackageReference section */
		136D1BA52FC75ED700136BA7 /* XCRemoteSwiftPackageReference "Toast-Swift" */ = {
			isa = XCRemoteSwiftPackageReference;
			repositoryURL = "https://github.com/scalessec/Toast-Swift";
			requirement = {
				kind = upToNextMajorVersion;
				minimumVersion = 5.0.0;
			};
		};
		136D1BAD2FC774A900136BA7 /* XCRemoteSwiftPackageReference "firebase-ios-sdk" */ = {
			isa = XCRemoteSwiftPackageReference;
			repositoryURL = "https://github.com/firebase/firebase-ios-sdk";
			requirement = {
				kind = exactVersion;
				version = 10.15.0;
			};
		};
/* End XCRemoteSwiftPackageReference section */

/* Begin XCSwiftPackageProductDependency section */
		136D1BA62FC75ED800136BA7 /* Toast */ = {
			isa = XCSwiftPackageProductDependency;
			package = 136D1BA52FC75ED700136BA7 /* XCRemoteSwiftPackageReference "Toast-Swift" */;
			productName = Toast;
		};
		136D1BAE2FC774A900136BA7 /* FirebaseAnalytics */ = {
			isa = XCSwiftPackageProductDependency;
			package = 136D1BAD2FC774A900136BA7 /* XCRemoteSwiftPackageReference "firebase-ios-sdk" */;
			productName = FirebaseAnalytics;
		};
		136D1BB02FC774A900136BA7 /* FirebaseAnalyticsWithoutAdIdSupport */ = {
			isa = XCSwiftPackageProductDependency;
			package = 136D1BAD2FC774A900136BA7 /* XCRemoteSwiftPackageReference "firebase-ios-sdk" */;
			productName = FirebaseAnalyticsWithoutAdIdSupport;
		};
		136D1BB22FC774A900136BA7 /* FirebaseAuth */ = {
			isa = XCSwiftPackageProductDependency;
			package = 136D1BAD2FC774A900136BA7 /* XCRemoteSwiftPackageReference "firebase-ios-sdk" */;
			productName = FirebaseAuth;
		};
		136D1BB42FC774A900136BA7 /* FirebaseDatabase */ = {
			isa = XCSwiftPackageProductDependency;
			package = 136D1BAD2FC774A900136BA7 /* XCRemoteSwiftPackageReference "firebase-ios-sdk" */;
			productName = FirebaseDatabase;
		};
		136D1BB62FC774A900136BA7 /* FirebaseFirestore */ = {
			isa = XCSwiftPackageProductDependency;
			package = 136D1BAD2FC774A900136BA7 /* XCRemoteSwiftPackageReference "firebase-ios-sdk" */;
			productName = FirebaseFirestore;
		};
/* End XCSwiftPackageProductDependency section */
	};
	rootObject = 13BA08482FBAD5BC00396534 /* Project object */;
}
